
Microsoft Visual Studio Solution File, Format Version 12.00
# Visual Studio Version 17
VisualStudioVersion = 17.4.33213.308
MinimumVisualStudioVersion = 10.0.40219.1
Project("{FAE04EC0-301F-11D3-BF4B-00C04F79EFBC}") = "DapperStore", "DapperStore\DapperStore.csproj", "{0C1C9A48-D08F-49C6-8608-A1D86977CA71}"
EndProject
Project("{2150E333-8FDC-42A3-9474-1A3956D46DE8}") = "src", "src", "{8E3C3BD9-27CA-496B-BEEF-5080636995A3}"
EndProject
Project("{2150E333-8FDC-42A3-9474-1A3956D46DE8}") = "test", "test", "{E19ADE2A-B5F8-4EFB-913F-B0A1E9C26025}"
EndProject
Project("{2150E333-8FDC-42A3-9474-1A3956D46DE8}") = "API", "API", "{848CF076-2714-4249-9F96-50F6D1049AC0}"
EndProject
Project("{2150E333-8FDC-42A3-9474-1A3956D46DE8}") = "Domain", "Domain", "{34E5912C-6D58-4E99-B929-84963D4898F6}"
EndProject
Project("{2150E333-8FDC-42A3-9474-1A3956D46DE8}") = "Infraestructure", "Infraestructure", "{54E83B09-D169-4C35-AF3A-7F0DB9EEA49E}"
EndProject
Project("{FAE04EC0-301F-11D3-BF4B-00C04F79EFBC}") = "Domain.UseCases", "Domain.UseCases\Domain.UseCases.csproj", "{6CD76DC9-785A-4F76-8406-6F0CF91876B3}"
EndProject
Project("{FAE04EC0-301F-11D3-BF4B-00C04F79EFBC}") = "Domain.Entities", "Domain.Entities\Domain.Entities.csproj", "{C254D8A1-58DA-4A9A-A4E8-8547C323D864}"
EndProject
Project("{FAE04EC0-301F-11D3-BF4B-00C04F79EFBC}") = "Infraestructure.DriverAdapter", "Infraestructure.DriverAdapter\Infraestructure.DriverAdapter.csproj", "{DE25780F-3DDF-4FC7-9CF7-D65AC8AC33B2}"
EndProject
Project("{FAE04EC0-301F-11D3-BF4B-00C04F79EFBC}") = "DrivenAdapter.Sql", "DrivenAdapter.Sql\DrivenAdapter.Sql.csproj", "{0465376B-4C99-46F0-A27D-36B5E8517D94}"
EndProject
Project("{FAE04EC0-301F-11D3-BF4B-00C04F79EFBC}") = "TestDapper", "TestDapper\TestDapper.csproj", "{17944CF9-F40A-4274-B988-146960D56DC7}"
EndProject
Global
	GlobalSection(SolutionConfigurationPlatforms) = preSolution
		Debug|Any CPU = Debug|Any CPU
		Release|Any CPU = Release|Any CPU
	EndGlobalSection
	GlobalSection(ProjectConfigurationPlatforms) = postSolution
		{0C1C9A48-D08F-49C6-8608-A1D86977CA71}.Debug|Any CPU.ActiveCfg = Debug|Any CPU
		{0C1C9A48-D08F-49C6-8608-A1D86977CA71}.Debug|Any CPU.Build.0 = Debug|Any CPU
		{0C1C9A48-D08F-49C6-8608-A1D86977CA71}.Release|Any CPU.ActiveCfg = Release|Any CPU
		{0C1C9A48-D08F-49C6-8608-A1D86977CA71}.Release|Any CPU.Build.0 = Release|Any CPU
		{6CD76DC9-785A-4F76-8406-6F0CF91876B3}.Debug|Any CPU.ActiveCfg = Debug|Any CPU
		{6CD76DC9-785A-4F76-8406-6F0CF91876B3}.Debug|Any CPU.Build.0 = Debug|Any CPU
		{6CD76DC9-785A-4F76-8406-6F0CF91876B3}.Release|Any CPU.ActiveCfg = Release|Any CPU
		{6CD76DC9-785A-4F76-8406-6F0CF91876B3}.Release|Any CPU.Build.0 = Release|Any CPU
		{C254D8A1-58DA-4A9A-A4E8-8547C323D864}.Debug|Any CPU.ActiveCfg = Debug|Any CPU
		{C254D8A1-58DA-4A9A-A4E8-8547C323D864}.Debug|Any CPU.Build.0 = Debug|Any CPU
		{C254D8A1-58DA-4A9A-A4E8-8547C323D864}.Release|Any CPU.ActiveCfg = Release|Any CPU
		{C254D8A1-58DA-4A9A-A4E8-8547C323D864}.Release|Any CPU.Build.0 = Release|Any CPU
		{DE25780F-3DDF-4FC7-9CF7-D65AC8AC33B2}.Debug|Any CPU.ActiveCfg = Debug|Any CPU
		{DE25780F-3DDF-4FC7-9CF7-D65AC8AC33B2}.Debug|Any CPU.Build.0 = Debug|Any CPU
		{DE25780F-3DDF-4FC7-9CF7-D65AC8AC33B2}.Release|Any CPU.ActiveCfg = Release|Any CPU
		{DE25780F-3DDF-4FC7-9CF7-D65AC8AC33B2}.Release|Any CPU.Build.0 = Release|Any CPU
		{0465376B-4C99-46F0-A27D-36B5E8517D94}.Debug|Any CPU.ActiveCfg = Debug|Any CPU
		{0465376B-4C99-46F0-A27D-36B5E8517D94}.Debug|Any CPU.Build.0 = Debug|Any CPU
		{0465376B-4C99-46F0-A27D-36B5E8517D94}.Release|Any CPU.ActiveCfg = Release|Any CPU
		{0465376B-4C99-46F0-A27D-36B5E8517D94}.Release|Any CPU.Build.0 = Release|Any CPU
		{17944CF9-F40A-4274-B988-146960D56DC7}.Debug|Any CPU.ActiveCfg = Debug|Any CPU
		{17944CF9-F40A-4274-B988-146960D56DC7}.Debug|Any CPU.Build.0 = Debug|Any CPU
		{17944CF9-F40A-4274-B988-146960D56DC7}.Release|Any CPU.ActiveCfg = Release|Any CPU
		{17944CF9-F40A-4274-B988-146960D56DC7}.Release|Any CPU.Build.0 = Release|Any CPU
	EndGlobalSection
	GlobalSection(SolutionProperties) = preSolution
		HideSolutionNode = FALSE
	EndGlobalSection
	GlobalSection(NestedProjects) = preSolution
		{0C1C9A48-D08F-49C6-8608-A1D86977CA71} = {848CF076-2714-4249-9F96-50F6D1049AC0}
		{848CF076-2714-4249-9F96-50F6D1049AC0} = {8E3C3BD9-27CA-496B-BEEF-5080636995A3}
		{34E5912C-6D58-4E99-B929-84963D4898F6} = {8E3C3BD9-27CA-496B-BEEF-5080636995A3}
		{54E83B09-D169-4C35-AF3A-7F0DB9EEA49E} = {8E3C3BD9-27CA-496B-BEEF-5080636995A3}
		{6CD76DC9-785A-4F76-8406-6F0CF91876B3} = {34E5912C-6D58-4E99-B929-84963D4898F6}
		{C254D8A1-58DA-4A9A-A4E8-8547C323D864} = {34E5912C-6D58-4E99-B929-84963D4898F6}
		{DE25780F-3DDF-4FC7-9CF7-D65AC8AC33B2} = {54E83B09-D169-4C35-AF3A-7F0DB9EEA49E}
		{0465376B-4C99-46F0-A27D-36B5E8517D94} = {54E83B09-D169-4C35-AF3A-7F0DB9EEA49E}
		{17944CF9-F40A-4274-B988-146960D56DC7} = {E19ADE2A-B5F8-4EFB-913F-B0A1E9C26025}
	EndGlobalSection
	GlobalSection(ExtensibilityGlobals) = postSolution
		SolutionGuid = {185D975B-469A-4070-A8F3-1209915D2D47}
	EndGlobalSection
EndGlobal
